
Microsoft Visual Studio Solution File, Format Version 12.00
# Visual Studio 15
VisualStudioVersion = 15.0.27703.2000
MinimumVisualStudioVersion = 10.0.40219.1
Project("{8BC9CEB8-8B4A-11D0-8D11-00A0C91BC942}") = "git_praccpp", "git_praccpp\git_praccpp.vcxproj", "{A97A8D0D-7622-40EB-853A-CF51BA5EAE53}"
EndProject
Global
	GlobalSection(SolutionConfigurationPlatforms) = preSolution
		Debug|x64 = Debug|x64
		Debug|x86 = Debug|x86
		Release|x64 = Release|x64
		Release|x86 = Release|x86
	EndGlobalSection
	GlobalSection(ProjectConfigurationPlatforms) = postSolution
		{A97A8D0D-7622-40EB-853A-CF51BA5EAE53}.Debug|x64.ActiveCfg = Debug|x64
		{A97A8D0D-7622-40EB-853A-CF51BA5EAE53}.Debug|x64.Build.0 = Debug|x64
		{A97A8D0D-7622-40EB-853A-CF51BA5EAE53}.Debug|x86.ActiveCfg = Debug|Win32
		{A97A8D0D-7622-40EB-853A-CF51BA5EAE53}.Debug|x86.Build.0 = Debug|Win32
		{A97A8D0D-7622-40EB-853A-CF51BA5EAE53}.Release|x64.ActiveCfg = Release|x64
		{A97A8D0D-7622-40EB-853A-CF51BA5EAE53}.Release|x64.Build.0 = Release|x64
		{A97A8D0D-7622-40EB-853A-CF51BA5EAE53}.Release|x86.ActiveCfg = Release|Win32
		{A97A8D0D-7622-40EB-853A-CF51BA5EAE53}.Release|x86.Build.0 = Release|Win32
	EndGlobalSection
	GlobalSection(SolutionProperties) = preSolution
		HideSolutionNode = FALSE
	EndGlobalSection
	GlobalSection(ExtensibilityGlobals) = postSolution
		SolutionGuid = {08140FDF-EF8A-4C1B-992F-4A932FF3B142}
	EndGlobalSection
EndGlobal
